<?xml version="1.0" encoding="utf-8"?>
<Project ToolsVersion="4.0" xmlns="http://schemas.microsoft.com/developer/msbuild/2003">
  <ItemGroup>
    <ClCompile Include="abc.cpp">
      <Filter>sources</Filter>
    </ClCompile>
    <ClCompile Include="..\src\GrpIdxFile.cpp">
      <Filter>sources</Filter>
    </ClCompile>
    <ClCompile Include="..\..\common\convert.cpp">
      <Filter>sources</Filter>
    </ClCompile>
    <ClCompile Include="..\..\common\File.cpp">
      <Filter>sources</Filter>
    </ClCompile>
  </ItemGroup>
  <ItemGroup>
    <ClInclude Include="..\src\GrpIdxFile.h">
      <Filter>headers</Filter>
    </ClInclude>
    <ClInclude Include="TypesABC.h">
      <Filter>headers</Filter>
    </ClInclude>
    <ClInclude Include="..\..\common\File.h">
      <Filter>headers</Filter>
    </ClInclude>
    <ClInclude Include="..\..\common\convert.h">
      <Filter>headers</Filter>
    </ClInclude>
  </ItemGroup>
  <ItemGroup>
    <Filter Include="headers">
      <UniqueIdentifier>{bce1f623-8fc9-4a1d-a3df-e8d9e0033590}</UniqueIdentifier>
      <Extensions>h;hh;hpp;hxx;hm;inl;inc;xsd</Extensions>
    </Filter>
    <Filter Include="sources">
      <UniqueIdentifier>{ade47958-7190-4c27-b14f-77d4cb2df770}</UniqueIdentifier>
      <Extensions>cpp;c;cc;cxx;def;odl;idl;hpj;bat;asm;asmx</Extensions>
    </Filter>
  </ItemGroup>
</Project>