<?xml version="1.0" encoding="utf-8"?>
<Project ToolsVersion="4.0" xmlns="http://schemas.microsoft.com/developer/msbuild/2003">
  <ItemGroup>
    <ClCompile Include="src\AppDelegate.cpp" />
    <ClCompile Include="src\Audio.cpp" />
    <ClCompile Include="src\BaoShop.cpp" />
    <ClCompile Include="src\Base.cpp" />
    <ClCompile Include="src\BasicData.cpp" />
    <ClCompile Include="src\Button.cpp" />
    <ClCompile Include="src\Calendar.cpp" />
    <ClCompile Include="src\Character.cpp" />
    <ClCompile Include="src\Cloud.cpp" />
    <ClCompile Include="src\config.cpp" />
    <ClCompile Include="src\Engine.cpp" />
    <ClCompile Include="src\Error.cpp" />
    <ClCompile Include="src\Event.cpp" />
    <ClCompile Include="src\File.cpp" />
    <ClCompile Include="src\HelloWorldScene.cpp" />
    <ClCompile Include="src\Item.cpp" />
    <ClCompile Include="src\kys-cpp.cpp" />
    <ClCompile Include="src\Magic.cpp" />
    <ClCompile Include="src\MainMap.cpp" />
    <ClCompile Include="src\md5.cpp" />
    <ClCompile Include="src\Menu.cpp" />
    <ClCompile Include="src\Point.cpp" />
    <ClCompile Include="src\Save.cpp" />
    <ClCompile Include="src\Scene.cpp" />
    <ClCompile Include="src\SceneData.cpp" />
    <ClCompile Include="src\SceneEventData.cpp" />
    <ClCompile Include="src\SceneMapData.cpp" />
    <ClCompile Include="src\SubScene.cpp" />
    <ClCompile Include="src\Texture.cpp" />
    <ClCompile Include="src\ZhaoShi.cpp" />
    <ClCompile Include="src\Head.cpp" />
    <ClCompile Include="src\Faction.cpp" />
  </ItemGroup>
  <ItemGroup>
    <ClInclude Include="src\AppDelegate.h" />
    <ClInclude Include="src\Audio.h" />
    <ClInclude Include="src\BaoShop.h" />
    <ClInclude Include="src\Base.h" />
    <ClInclude Include="src\BasicData.h" />
    <ClInclude Include="src\Button.h" />
    <ClInclude Include="src\Calendar.h" />
    <ClInclude Include="src\Character.h" />
    <ClInclude Include="src\Cloud.h" />
    <ClInclude Include="src\config.h" />
    <ClInclude Include="src\Engine.h" />
    <ClInclude Include="src\Error.h" />
    <ClInclude Include="src\Event.h" />
    <ClInclude Include="src\Faction.h" />
    <ClInclude Include="src\File.h" />
    <ClInclude Include="src\HelloWorldScene.h" />
    <ClInclude Include="src\Item.h" />
    <ClInclude Include="src\Magic.h" />
    <ClInclude Include="src\MainMap.h" />
    <ClInclude Include="src\md5.h" />
    <ClInclude Include="src\Menu.h" />
    <ClInclude Include="src\Point.h" />
    <ClInclude Include="src\Save.h" />
    <ClInclude Include="src\Scene.h" />
    <ClInclude Include="src\SceneData.h" />
    <ClInclude Include="src\SceneEventData.h" />
    <ClInclude Include="src\SceneMapData.h" />
    <ClInclude Include="src\SubScene.h" />
    <ClInclude Include="src\Texture.h" />
    <ClInclude Include="src\ZhaoShi.h" />
    <ClInclude Include="src\Head.h" />
  </ItemGroup>
  <ItemGroup>
    <Library Include="lib\bass.lib" />
    <Library Include="lib\bassmidi.lib" />
    <Library Include="lib\SDL2.lib" />
    <Library Include="lib\SDL2main.lib" />
    <Library Include="lib\SDL2_image.lib" />
    <Library Include="lib\SDL2_ttf.lib" />
  </ItemGroup>
  <ItemGroup>
    <Text Include="readme.md" />
  </ItemGroup>
</Project>