<?xml version="1.0" encoding="utf-8"?>
<Project ToolsVersion="4.0" xmlns="http://schemas.microsoft.com/developer/msbuild/2003">
  <ItemGroup>
    <Filter Include="源文件">
      <UniqueIdentifier>{4FC737F1-C7A5-4376-A066-2A32D752A2FF}</UniqueIdentifier>
      <Extensions>cpp;c;cc;cxx;def;odl;idl;hpj;bat;asm;asmx</Extensions>
    </Filter>
    <Filter Include="头文件">
      <UniqueIdentifier>{93995380-89BD-4b04-88EB-625FBE52EBFB}</UniqueIdentifier>
      <Extensions>h;hh;hpp;hxx;hm;inl;inc;xsd</Extensions>
    </Filter>
    <Filter Include="资源文件">
      <UniqueIdentifier>{67DA6AB6-F800-4c08-8B7A-83BB121AAD01}</UniqueIdentifier>
      <Extensions>rc;ico;cur;bmp;dlg;rc2;rct;bin;rgs;gif;jpg;jpeg;jpe;resx;tiff;tif;png;wav;mfcribbon-ms</Extensions>
    </Filter>
  </ItemGroup>
  <ItemGroup>
    <ClInclude Include="Classes\BaoShop.h">
      <Filter>头文件</Filter>
    </ClInclude>
    <ClInclude Include="Classes\BasicData.h">
      <Filter>头文件</Filter>
    </ClInclude>
    <ClInclude Include="Classes\battle.h">
      <Filter>头文件</Filter>
    </ClInclude>
    <ClInclude Include="Classes\BattleScene.h">
      <Filter>头文件</Filter>
    </ClInclude>
    <ClInclude Include="Classes\Calendar.h">
      <Filter>头文件</Filter>
    </ClInclude>
    <ClInclude Include="Classes\Character.h">
      <Filter>头文件</Filter>
    </ClInclude>
    <ClInclude Include="Classes\Collector.h">
      <Filter>头文件</Filter>
    </ClInclude>
    <ClInclude Include="Classes\Common.h">
      <Filter>头文件</Filter>
    </ClInclude>
    <ClInclude Include="Classes\config.h">
      <Filter>头文件</Filter>
    </ClInclude>
    <ClInclude Include="Classes\CRotateMenu.h">
      <Filter>头文件</Filter>
    </ClInclude>
    <ClInclude Include="Classes\Error.h">
      <Filter>头文件</Filter>
    </ClInclude>
    <ClInclude Include="Classes\Esc.h">
      <Filter>头文件</Filter>
    </ClInclude>
    <ClInclude Include="Classes\Event.h">
      <Filter>头文件</Filter>
    </ClInclude>
    <ClInclude Include="Classes\Faction.h">
      <Filter>头文件</Filter>
    </ClInclude>
    <ClInclude Include="Classes\Head.h">
      <Filter>头文件</Filter>
    </ClInclude>
    <ClInclude Include="Classes\HelloWorldScene.h">
      <Filter>头文件</Filter>
    </ClInclude>
    <ClInclude Include="Classes\Item.h">
      <Filter>头文件</Filter>
    </ClInclude>
    <ClInclude Include="Classes\LoadingScene.h">
      <Filter>头文件</Filter>
    </ClInclude>
    <ClInclude Include="Classes\Magic.h">
      <Filter>头文件</Filter>
    </ClInclude>
    <ClInclude Include="Classes\MainMap.h">
      <Filter>头文件</Filter>
    </ClInclude>
    <ClInclude Include="Classes\md5.h">
      <Filter>头文件</Filter>
    </ClInclude>
    <ClInclude Include="Classes\RandomAttribute.h">
      <Filter>头文件</Filter>
    </ClInclude>
    <ClInclude Include="Classes\Role.h">
      <Filter>头文件</Filter>
    </ClInclude>
    <ClInclude Include="Classes\Save.h">
      <Filter>头文件</Filter>
    </ClInclude>
    <ClInclude Include="Classes\SceneData.h">
      <Filter>头文件</Filter>
    </ClInclude>
    <ClInclude Include="Classes\SceneEventData.h">
      <Filter>头文件</Filter>
    </ClInclude>
    <ClInclude Include="Classes\SceneMapData.h">
      <Filter>头文件</Filter>
    </ClInclude>
    <ClInclude Include="Classes\Start.h">
      <Filter>头文件</Filter>
    </ClInclude>
    <ClInclude Include="Classes\SubScene.h">
      <Filter>头文件</Filter>
    </ClInclude>
    <ClInclude Include="Classes\Tree.h">
      <Filter>头文件</Filter>
    </ClInclude>
    <ClInclude Include="Classes\type.h">
      <Filter>头文件</Filter>
    </ClInclude>
    <ClInclude Include="Classes\ZhaoShi.h">
      <Filter>头文件</Filter>
    </ClInclude>
  </ItemGroup>
  <ItemGroup>
    <ClCompile Include="kys-cpp.cpp">
      <Filter>源文件</Filter>
    </ClCompile>
    <ClCompile Include="Classes\BaoShop.cpp">
      <Filter>源文件</Filter>
    </ClCompile>
    <ClCompile Include="Classes\BasicData.cpp">
      <Filter>源文件</Filter>
    </ClCompile>
    <ClCompile Include="Classes\battle.cpp">
      <Filter>源文件</Filter>
    </ClCompile>
    <ClCompile Include="Classes\BattleScene.cpp">
      <Filter>源文件</Filter>
    </ClCompile>
    <ClCompile Include="Classes\Calendar.cpp">
      <Filter>源文件</Filter>
    </ClCompile>
    <ClCompile Include="Classes\Character.cpp">
      <Filter>源文件</Filter>
    </ClCompile>
    <ClCompile Include="Classes\Collector.cpp">
      <Filter>源文件</Filter>
    </ClCompile>
    <ClCompile Include="Classes\Common.cpp">
      <Filter>源文件</Filter>
    </ClCompile>
    <ClCompile Include="Classes\config.cpp">
      <Filter>源文件</Filter>
    </ClCompile>
    <ClCompile Include="Classes\CRotateMenu.cpp">
      <Filter>源文件</Filter>
    </ClCompile>
    <ClCompile Include="Classes\Error.cpp">
      <Filter>源文件</Filter>
    </ClCompile>
    <ClCompile Include="Classes\Esc.cpp">
      <Filter>源文件</Filter>
    </ClCompile>
    <ClCompile Include="Classes\Event.cpp">
      <Filter>源文件</Filter>
    </ClCompile>
    <ClCompile Include="Classes\Faction.cpp">
      <Filter>源文件</Filter>
    </ClCompile>
    <ClCompile Include="Classes\Head.cpp">
      <Filter>源文件</Filter>
    </ClCompile>
    <ClCompile Include="Classes\HelloWorldScene.cpp">
      <Filter>源文件</Filter>
    </ClCompile>
    <ClCompile Include="Classes\Item.cpp">
      <Filter>源文件</Filter>
    </ClCompile>
    <ClCompile Include="Classes\LoadingScene.cpp">
      <Filter>源文件</Filter>
    </ClCompile>
    <ClCompile Include="Classes\Magic.cpp">
      <Filter>源文件</Filter>
    </ClCompile>
    <ClCompile Include="Classes\MainMap.cpp">
      <Filter>源文件</Filter>
    </ClCompile>
    <ClCompile Include="Classes\md5.cpp">
      <Filter>源文件</Filter>
    </ClCompile>
    <ClCompile Include="Classes\RandomAttribute.cpp">
      <Filter>源文件</Filter>
    </ClCompile>
    <ClCompile Include="Classes\Role.cpp">
      <Filter>源文件</Filter>
    </ClCompile>
    <ClCompile Include="Classes\Save.cpp">
      <Filter>源文件</Filter>
    </ClCompile>
    <ClCompile Include="Classes\SceneData.cpp">
      <Filter>源文件</Filter>
    </ClCompile>
    <ClCompile Include="Classes\SceneEventData.cpp">
      <Filter>源文件</Filter>
    </ClCompile>
    <ClCompile Include="Classes\SceneMapData.cpp">
      <Filter>源文件</Filter>
    </ClCompile>
    <ClCompile Include="Classes\Start.cpp">
      <Filter>源文件</Filter>
    </ClCompile>
    <ClCompile Include="Classes\SubScene.cpp">
      <Filter>源文件</Filter>
    </ClCompile>
    <ClCompile Include="Classes\Tree.cpp">
      <Filter>源文件</Filter>
    </ClCompile>
    <ClCompile Include="Classes\type.cpp">
      <Filter>源文件</Filter>
    </ClCompile>
    <ClCompile Include="Classes\ZhaoShi.cpp">
      <Filter>源文件</Filter>
    </ClCompile>
  </ItemGroup>
  <ItemGroup>
    <None Include="Classes\Common.h.2.mine" />
    <None Include="Classes\Common.h.mine" />
    <None Include="Classes\MainMap.cpp.2.mine" />
    <None Include="Classes\MainMap.cpp.mine" />
    <None Include="Classes\MainMap.cpp.orig" />
  </ItemGroup>
  <ItemGroup>
    <Text Include="ReadMe.md" />
  </ItemGroup>
</Project>