Microsoft Visual Studio Solution File, Format Version 12.00
# Visual Studio Version 16
VisualStudioVersion = 16.0.29306.81
MinimumVisualStudioVersion = 10.0.40219.1
Project("{8BC9CEB8-8B4A-11D0-8D11-00A0C91BC942}") = "kys", "src\kys.vcxproj", "{0B2302D7-3C55-442F-8F3E-764B54328B45}"
EndProject
Project("{8BC9CEB8-8B4A-11D0-8D11-00A0C91BC942}") = "abc", "abc\abc.vcxproj", "{01D029DB-C543-4A8A-B3ED-2AA443DA44D7}"
EndProject
Global
	GlobalSection(SolutionConfigurationPlatforms) = preSolution
		Debug|x64 = Debug|x64
		Release|x64 = Release|x64
	EndGlobalSection
	GlobalSection(ProjectConfigurationPlatforms) = postSolution
		{0B2302D7-3C55-442F-8F3E-764B54328B45}.Debug|x64.ActiveCfg = Debug|x64
		{0B2302D7-3C55-442F-8F3E-764B54328B45}.Debug|x64.Build.0 = Debug|x64
		{0B2302D7-3C55-442F-8F3E-764B54328B45}.Release|x64.ActiveCfg = Release|x64
		{0B2302D7-3C55-442F-8F3E-764B54328B45}.Release|x64.Build.0 = Release|x64
		{01D029DB-C543-4A8A-B3ED-2AA443DA44D7}.Debug|x64.ActiveCfg = Debug|x64
		{01D029DB-C543-4A8A-B3ED-2AA443DA44D7}.Debug|x64.Build.0 = Debug|x64
		{01D029DB-C543-4A8A-B3ED-2AA443DA44D7}.Release|x64.ActiveCfg = Release|x64
		{01D029DB-C543-4A8A-B3ED-2AA443DA44D7}.Release|x64.Build.0 = Release|x64
	EndGlobalSection
	GlobalSection(SolutionProperties) = preSolution
		HideSolutionNode = FALSE
	EndGlobalSection
	GlobalSection(ExtensibilityGlobals) = postSolution
		SolutionGuid = {DBCD3418-BDC5-4F89-88B1-D82FFD504011}
	EndGlobalSection
EndGlobal
