<?xml version="1.0" encoding="utf-8"?>
<Project ToolsVersion="4.0" xmlns="http://schemas.microsoft.com/developer/msbuild/2003">
  <ItemGroup>
    <ClCompile Include="src\Application.cpp">
      <Filter>application</Filter>
    </ClCompile>
    <ClCompile Include="src\kys.cpp">
      <Filter>application</Filter>
    </ClCompile>
    <ClCompile Include="common\libconvert.cpp">
      <Filter>common</Filter>
    </ClCompile>
    <ClCompile Include="common\File.cpp">
      <Filter>common</Filter>
    </ClCompile>
    <ClCompile Include="src\BattleCursor.cpp">
      <Filter>battle</Filter>
    </ClCompile>
    <ClCompile Include="src\BattleMap.cpp">
      <Filter>battle</Filter>
    </ClCompile>
    <ClCompile Include="src\BattleMenu.cpp">
      <Filter>battle</Filter>
    </ClCompile>
    <ClCompile Include="src\BattleScene.cpp">
      <Filter>battle</Filter>
    </ClCompile>
    <ClCompile Include="src\Audio.cpp">
      <Filter>engine</Filter>
    </ClCompile>
    <ClCompile Include="src\Engine.cpp">
      <Filter>engine</Filter>
    </ClCompile>
    <ClCompile Include="src\UI.cpp">
      <Filter>ui</Filter>
    </ClCompile>
    <ClCompile Include="src\UIItem.cpp">
      <Filter>ui</Filter>
    </ClCompile>
    <ClCompile Include="src\UISave.cpp">
      <Filter>ui</Filter>
    </ClCompile>
    <ClCompile Include="src\UIShop.cpp">
      <Filter>ui</Filter>
    </ClCompile>
    <ClCompile Include="src\UIStatus.cpp">
      <Filter>ui</Filter>
    </ClCompile>
    <ClCompile Include="src\UISystem.cpp">
      <Filter>ui</Filter>
    </ClCompile>
    <ClCompile Include="src\TeamMenu.cpp">
      <Filter>ui</Filter>
    </ClCompile>
    <ClCompile Include="src\Head.cpp">
      <Filter>ui</Filter>
    </ClCompile>
    <ClCompile Include="src\Menu.cpp">
      <Filter>ui</Filter>
    </ClCompile>
    <ClCompile Include="src\Button.cpp">
      <Filter>ui</Filter>
    </ClCompile>
    <ClCompile Include="src\TextureManager.cpp">
      <Filter>engine</Filter>
    </ClCompile>
    <ClCompile Include="src\Cloud.cpp">
      <Filter>scene</Filter>
    </ClCompile>
    <ClCompile Include="src\Font.cpp">
      <Filter>ui</Filter>
    </ClCompile>
    <ClCompile Include="src\MainScene.cpp">
      <Filter>scene</Filter>
    </ClCompile>
    <ClCompile Include="src\SubScene.cpp">
      <Filter>scene</Filter>
    </ClCompile>
    <ClCompile Include="src\TitleScene.cpp">
      <Filter>scene</Filter>
    </ClCompile>
    <ClCompile Include="src\TextBox.cpp">
      <Filter>ui</Filter>
    </ClCompile>
    <ClCompile Include="src\ShowRoleDifference.cpp">
      <Filter>ui</Filter>
    </ClCompile>
    <ClCompile Include="src\ShowExp.cpp">
      <Filter>ui</Filter>
    </ClCompile>
    <ClCompile Include="src\GameUtil.cpp">
      <Filter>util</Filter>
    </ClCompile>
    <ClCompile Include="src\Util.cpp">
      <Filter>util</Filter>
    </ClCompile>
    <ClCompile Include="src\Types.cpp">
      <Filter>util</Filter>
    </ClCompile>
    <ClCompile Include="src\Element.cpp">
      <Filter>util</Filter>
    </ClCompile>
    <ClCompile Include="src\PotConv.cpp">
      <Filter>engine</Filter>
    </ClCompile>
    <ClCompile Include="src\RandomRole.cpp">
      <Filter>ui</Filter>
    </ClCompile>
    <ClCompile Include="src\Event.cpp">
      <Filter>event</Filter>
    </ClCompile>
    <ClCompile Include="src\Script.cpp">
      <Filter>event</Filter>
    </ClCompile>
    <ClCompile Include="src\GrpIdxFile.cpp">
      <Filter>save</Filter>
    </ClCompile>
    <ClCompile Include="src\Save.cpp">
      <Filter>save</Filter>
    </ClCompile>
    <ClCompile Include="src\Scene.cpp">
      <Filter>scene</Filter>
    </ClCompile>
    <ClCompile Include="src\Talk.cpp">
      <Filter>event</Filter>
    </ClCompile>
    <ClCompile Include="src\Zip.cpp">
      <Filter>save</Filter>
    </ClCompile>
    <ClCompile Include="src\ParticleSystem.cpp">
      <Filter>particle</Filter>
    </ClCompile>
    <ClCompile Include="src\ParticleExample.cpp">
      <Filter>particle</Filter>
    </ClCompile>
    <ClCompile Include="src\Point.cpp">
      <Filter>util</Filter>
    </ClCompile>
    <ClCompile Include="src\InputBox.cpp">
      <Filter>ui</Filter>
    </ClCompile>
    <ClCompile Include="src\SuperMenuText.cpp">
      <Filter>ui</Filter>
    </ClCompile>
    <ClCompile Include="src\Console.cpp">
      <Filter>ui</Filter>
    </ClCompile>
    <ClCompile Include="src\DrawableOnCall.cpp">
      <Filter>ui</Filter>
    </ClCompile>
    <ClCompile Include="src\OpenCCConverter.cpp">
      <Filter>util</Filter>
    </ClCompile>
    <ClCompile Include="src\BattleNetwork.cpp">
      <Filter>battle</Filter>
    </ClCompile>
    <ClCompile Include="src\TextBoxRoll.cpp">
      <Filter>ui</Filter>
    </ClCompile>
    <ClCompile Include="hanzi2pinyin\Hanz2Piny.cpp">
      <Filter>hanzi2pinyin</Filter>
    </ClCompile>
  </ItemGroup>
  <ItemGroup>
    <ClInclude Include="resource\resource.h">
      <Filter>_Resources</Filter>
    </ClInclude>
    <ClInclude Include="common\INIReader.h">
      <Filter>common</Filter>
    </ClInclude>
    <ClInclude Include="common\libconvert.h">
      <Filter>common</Filter>
    </ClInclude>
    <ClInclude Include="common\Random.h">
      <Filter>common</Filter>
    </ClInclude>
    <ClInclude Include="common\File.h">
      <Filter>common</Filter>
    </ClInclude>
    <ClInclude Include="src\BattleCursor.h">
      <Filter>battle</Filter>
    </ClInclude>
    <ClInclude Include="src\BattleMap.h">
      <Filter>battle</Filter>
    </ClInclude>
    <ClInclude Include="src\BattleMenu.h">
      <Filter>battle</Filter>
    </ClInclude>
    <ClInclude Include="src\BattleScene.h">
      <Filter>battle</Filter>
    </ClInclude>
    <ClInclude Include="src\UISystem.h">
      <Filter>ui</Filter>
    </ClInclude>
    <ClInclude Include="src\UI.h">
      <Filter>ui</Filter>
    </ClInclude>
    <ClInclude Include="src\UIItem.h">
      <Filter>ui</Filter>
    </ClInclude>
    <ClInclude Include="src\UISave.h">
      <Filter>ui</Filter>
    </ClInclude>
    <ClInclude Include="src\UIShop.h">
      <Filter>ui</Filter>
    </ClInclude>
    <ClInclude Include="src\UIStatus.h">
      <Filter>ui</Filter>
    </ClInclude>
    <ClInclude Include="src\Button.h">
      <Filter>ui</Filter>
    </ClInclude>
    <ClInclude Include="src\Font.h">
      <Filter>ui</Filter>
    </ClInclude>
    <ClInclude Include="src\Head.h">
      <Filter>ui</Filter>
    </ClInclude>
    <ClInclude Include="src\Menu.h">
      <Filter>ui</Filter>
    </ClInclude>
    <ClInclude Include="src\Save.h">
      <Filter>save</Filter>
    </ClInclude>
    <ClInclude Include="src\GrpIdxFile.h">
      <Filter>save</Filter>
    </ClInclude>
    <ClInclude Include="src\Element.h">
      <Filter>util</Filter>
    </ClInclude>
    <ClInclude Include="src\GameUtil.h">
      <Filter>util</Filter>
    </ClInclude>
    <ClInclude Include="src\Types.h">
      <Filter>util</Filter>
    </ClInclude>
    <ClInclude Include="src\Util.h">
      <Filter>util</Filter>
    </ClInclude>
    <ClInclude Include="src\Audio.h">
      <Filter>engine</Filter>
    </ClInclude>
    <ClInclude Include="src\Engine.h">
      <Filter>engine</Filter>
    </ClInclude>
    <ClInclude Include="src\MainScene.h">
      <Filter>scene</Filter>
    </ClInclude>
    <ClInclude Include="src\Scene.h">
      <Filter>scene</Filter>
    </ClInclude>
    <ClInclude Include="src\SubScene.h">
      <Filter>scene</Filter>
    </ClInclude>
    <ClInclude Include="src\TitleScene.h">
      <Filter>scene</Filter>
    </ClInclude>
    <ClInclude Include="src\Cloud.h">
      <Filter>scene</Filter>
    </ClInclude>
    <ClInclude Include="src\Event.h">
      <Filter>event</Filter>
    </ClInclude>
    <ClInclude Include="src\EventMacro.h">
      <Filter>event</Filter>
    </ClInclude>
    <ClInclude Include="src\Script.h">
      <Filter>event</Filter>
    </ClInclude>
    <ClInclude Include="src\ShowExp.h">
      <Filter>ui</Filter>
    </ClInclude>
    <ClInclude Include="src\ShowRoleDifference.h">
      <Filter>ui</Filter>
    </ClInclude>
    <ClInclude Include="src\RandomRole.h">
      <Filter>ui</Filter>
    </ClInclude>
    <ClInclude Include="src\TeamMenu.h">
      <Filter>ui</Filter>
    </ClInclude>
    <ClInclude Include="src\TextureManager.h">
      <Filter>engine</Filter>
    </ClInclude>
    <ClInclude Include="src\PotConv.h">
      <Filter>engine</Filter>
    </ClInclude>
    <ClInclude Include="src\Talk.h">
      <Filter>event</Filter>
    </ClInclude>
    <ClInclude Include="src\TextBox.h">
      <Filter>ui</Filter>
    </ClInclude>
    <ClInclude Include="src\Zip.h">
      <Filter>save</Filter>
    </ClInclude>
    <ClInclude Include="src\ParticleSystem.h">
      <Filter>particle</Filter>
    </ClInclude>
    <ClInclude Include="src\ParticleExample.h">
      <Filter>particle</Filter>
    </ClInclude>
    <ClInclude Include="src\Point.h">
      <Filter>util</Filter>
    </ClInclude>
    <ClInclude Include="src\Application.h">
      <Filter>application</Filter>
    </ClInclude>
    <ClInclude Include="src\InputBox.h">
      <Filter>ui</Filter>
    </ClInclude>
    <ClInclude Include="src\SuperMenuText.h">
      <Filter>ui</Filter>
    </ClInclude>
    <ClInclude Include="src\Console.h">
      <Filter>ui</Filter>
    </ClInclude>
    <ClInclude Include="src\DrawableOnCall.h">
      <Filter>ui</Filter>
    </ClInclude>
    <ClInclude Include="src\OpenCCConverter.h">
      <Filter>util</Filter>
    </ClInclude>
    <ClInclude Include="src\BattleNetwork.h">
      <Filter>battle</Filter>
    </ClInclude>
    <ClInclude Include="src\TextBoxRoll.h">
      <Filter>ui</Filter>
    </ClInclude>
    <ClInclude Include="hanzi2pinyin\Hanz2Piny.h">
      <Filter>hanzi2pinyin</Filter>
    </ClInclude>
  </ItemGroup>
  <ItemGroup>
    <Filter Include="_Resources">
      <UniqueIdentifier>{7ab4a26b-b9ce-4c3e-84a0-221cbbc561bf}</UniqueIdentifier>
    </Filter>
    <Filter Include="headers">
      <UniqueIdentifier>{b73723e8-c4d0-44c3-98c8-bbbe7cf111ca}</UniqueIdentifier>
      <Extensions>h;hh;hpp;hxx;hm;inl;inc;xsd</Extensions>
    </Filter>
    <Filter Include="common">
      <UniqueIdentifier>{52c8cf7c-440e-4bd0-ad8e-5f6f1a23576a}</UniqueIdentifier>
    </Filter>
    <Filter Include="util">
      <UniqueIdentifier>{3c678943-dbdf-4d4f-a01c-0c5b1e6321a6}</UniqueIdentifier>
    </Filter>
    <Filter Include="battle">
      <UniqueIdentifier>{083e5283-fe94-4dd8-b3e7-6e76cca649a2}</UniqueIdentifier>
    </Filter>
    <Filter Include="scene">
      <UniqueIdentifier>{8ea8370a-cb14-48f8-bc02-e1e6075dba48}</UniqueIdentifier>
    </Filter>
    <Filter Include="engine">
      <UniqueIdentifier>{9a45ad9e-99a5-4c12-bcb1-061a80dcf7c1}</UniqueIdentifier>
    </Filter>
    <Filter Include="event">
      <UniqueIdentifier>{30786fa7-72a0-4216-9bb9-7d45e9ee1975}</UniqueIdentifier>
    </Filter>
    <Filter Include="save">
      <UniqueIdentifier>{757d4cc3-0d27-4fe1-89f8-331989fe526b}</UniqueIdentifier>
    </Filter>
    <Filter Include="ui">
      <UniqueIdentifier>{8061a8bd-3982-40e7-81ac-ad7f04a93865}</UniqueIdentifier>
    </Filter>
    <Filter Include="particle">
      <UniqueIdentifier>{6722987a-15f3-49a3-96bf-4212140bfab3}</UniqueIdentifier>
    </Filter>
    <Filter Include="application">
      <UniqueIdentifier>{793a596f-160e-4c8e-8736-a848783c7a88}</UniqueIdentifier>
      <Extensions>cpp;c;cc;cxx;def;odl;idl;hpj;bat;asm;asmx</Extensions>
    </Filter>
    <Filter Include="battle-mod">
      <UniqueIdentifier>{766ecc17-3c46-4d31-9b42-c4deb6299f25}</UniqueIdentifier>
    </Filter>
    <Filter Include="hanzi2pinyin">
      <UniqueIdentifier>{36f35be4-3d2e-449c-a190-2d755a70d4bb}</UniqueIdentifier>
    </Filter>
  </ItemGroup>
  <ItemGroup>
    <Image Include="resource\kys.ico">
      <Filter>_Resources</Filter>
    </Image>
  </ItemGroup>
  <ItemGroup>
    <ResourceCompile Include="resource\kys.rc">
      <Filter>_Resources</Filter>
    </ResourceCompile>
  </ItemGroup>
  <ItemGroup>
    <Text Include="src\CMakeLists.txt" />
  </ItemGroup>
</Project>