<?xml version="1.0" encoding="utf-8"?>
<Project ToolsVersion="4.0" xmlns="http://schemas.microsoft.com/developer/msbuild/2003">
  <ItemGroup>
    <ClCompile Include="src\Audio.cpp">
      <Filter>Sources</Filter>
    </ClCompile>
    <ClCompile Include="src\Button.cpp">
      <Filter>Sources</Filter>
    </ClCompile>
    <ClCompile Include="src\Engine.cpp">
      <Filter>Sources</Filter>
    </ClCompile>
    <ClCompile Include="src\File.cpp">
      <Filter>Sources</Filter>
    </ClCompile>
    <ClCompile Include="src\Menu.cpp">
      <Filter>Sources</Filter>
    </ClCompile>
    <ClCompile Include="src\Point.cpp">
      <Filter>Sources</Filter>
    </ClCompile>
    <ClCompile Include="src\Save.cpp">
      <Filter>Sources</Filter>
    </ClCompile>
    <ClCompile Include="src\Scene.cpp">
      <Filter>Sources</Filter>
    </ClCompile>
    <ClCompile Include="src\Application.cpp">
      <Filter>Sources</Filter>
    </ClCompile>
    <ClCompile Include="src\TitleScene.cpp">
      <Filter>Sources</Filter>
    </ClCompile>
    <ClCompile Include="src\TextureManager.cpp">
      <Filter>Sources</Filter>
    </ClCompile>
    <ClCompile Include="src\PotConv.cpp">
      <Filter>Sources</Filter>
    </ClCompile>
    <ClCompile Include="src\Types.cpp">
      <Filter>Sources</Filter>
    </ClCompile>
    <ClCompile Include="src\Head.cpp">
      <Filter>Sources</Filter>
    </ClCompile>
    <ClCompile Include="src\UI.cpp">
      <Filter>Sources</Filter>
    </ClCompile>
    <ClCompile Include="src\UIStatus.cpp">
      <Filter>Sources</Filter>
    </ClCompile>
    <ClCompile Include="src\UISkill.cpp">
      <Filter>Sources</Filter>
    </ClCompile>
    <ClCompile Include="src\UISystem.cpp">
      <Filter>Sources</Filter>
    </ClCompile>
    <ClCompile Include="src\UIItem.cpp">
      <Filter>Sources</Filter>
    </ClCompile>
    <ClCompile Include="src\Font.cpp">
      <Filter>Sources</Filter>
    </ClCompile>
    <ClCompile Include="src\Event.cpp">
      <Filter>Sources</Filter>
    </ClCompile>
    <ClCompile Include="src\kys.cpp">
      <Filter>Sources</Filter>
    </ClCompile>
    <ClCompile Include="src\Talk.cpp">
      <Filter>Sources</Filter>
    </ClCompile>
    <ClCompile Include="src\Cloud.cpp">
      <Filter>Sources</Filter>
    </ClCompile>
    <ClCompile Include="src\BattleMenu.cpp">
      <Filter>Sources</Filter>
    </ClCompile>
    <ClCompile Include="src\Option.cpp">
      <Filter>Sources</Filter>
    </ClCompile>
    <ClCompile Include="src\others\ini.cpp">
      <Filter>_others</Filter>
    </ClCompile>
    <ClCompile Include="src\others\INIReader.cpp">
      <Filter>_others</Filter>
    </ClCompile>
    <ClCompile Include="src\others\libconvert.cpp">
      <Filter>_others</Filter>
    </ClCompile>
    <ClCompile Include="src\BattleScene.cpp">
      <Filter>Sources</Filter>
    </ClCompile>
    <ClCompile Include="src\MainScene.cpp">
      <Filter>Sources</Filter>
    </ClCompile>
    <ClCompile Include="src\SubScene.cpp">
      <Filter>Sources</Filter>
    </ClCompile>
    <ClCompile Include="src\BattleMap.cpp">
      <Filter>Sources</Filter>
    </ClCompile>
    <ClCompile Include="src\TeamMenu.cpp">
      <Filter>Sources</Filter>
    </ClCompile>
    <ClCompile Include="src\Util.cpp">
      <Filter>Sources</Filter>
    </ClCompile>
    <ClCompile Include="src\Element.cpp">
      <Filter>Sources</Filter>
    </ClCompile>
    <ClCompile Include="src\GameUtil.cpp">
      <Filter>Sources</Filter>
    </ClCompile>
    <ClCompile Include="src\BattleCursor.cpp">
      <Filter>Sources</Filter>
    </ClCompile>
    <ClCompile Include="src\TextBox.cpp">
      <Filter>Sources</Filter>
    </ClCompile>
    <ClCompile Include="src\ShowRoleDifference.cpp">
      <Filter>Sources</Filter>
    </ClCompile>
  </ItemGroup>
  <ItemGroup>
    <ClInclude Include="src\Audio.h">
      <Filter>Headers</Filter>
    </ClInclude>
    <ClInclude Include="src\Button.h">
      <Filter>Headers</Filter>
    </ClInclude>
    <ClInclude Include="src\Engine.h">
      <Filter>Headers</Filter>
    </ClInclude>
    <ClInclude Include="src\Event.h">
      <Filter>Headers</Filter>
    </ClInclude>
    <ClInclude Include="src\File.h">
      <Filter>Headers</Filter>
    </ClInclude>
    <ClInclude Include="src\Menu.h">
      <Filter>Headers</Filter>
    </ClInclude>
    <ClInclude Include="src\Point.h">
      <Filter>Headers</Filter>
    </ClInclude>
    <ClInclude Include="src\Save.h">
      <Filter>Headers</Filter>
    </ClInclude>
    <ClInclude Include="src\Scene.h">
      <Filter>Headers</Filter>
    </ClInclude>
    <ClInclude Include="src\Application.h">
      <Filter>Headers</Filter>
    </ClInclude>
    <ClInclude Include="src\TitleScene.h">
      <Filter>Headers</Filter>
    </ClInclude>
    <ClInclude Include="src\TextureManager.h">
      <Filter>Headers</Filter>
    </ClInclude>
    <ClInclude Include="src\PotConv.h">
      <Filter>Headers</Filter>
    </ClInclude>
    <ClInclude Include="src\Types.h">
      <Filter>Headers</Filter>
    </ClInclude>
    <ClInclude Include="src\Head.h">
      <Filter>Headers</Filter>
    </ClInclude>
    <ClInclude Include="src\UI.h">
      <Filter>Headers</Filter>
    </ClInclude>
    <ClInclude Include="src\UIStatus.h">
      <Filter>Headers</Filter>
    </ClInclude>
    <ClInclude Include="src\UISkill.h">
      <Filter>Headers</Filter>
    </ClInclude>
    <ClInclude Include="src\UISystem.h">
      <Filter>Headers</Filter>
    </ClInclude>
    <ClInclude Include="src\UIItem.h">
      <Filter>Headers</Filter>
    </ClInclude>
    <ClInclude Include="src\Font.h">
      <Filter>Headers</Filter>
    </ClInclude>
    <ClInclude Include="src\EventMacro.h">
      <Filter>Headers</Filter>
    </ClInclude>
    <ClInclude Include="src\Talk.h">
      <Filter>Headers</Filter>
    </ClInclude>
    <ClInclude Include="src\Cloud.h">
      <Filter>Headers</Filter>
    </ClInclude>
    <ClInclude Include="src\BattleMenu.h">
      <Filter>Headers</Filter>
    </ClInclude>
    <ClInclude Include="resource.h" />
    <ClInclude Include="src\Option.h">
      <Filter>Headers</Filter>
    </ClInclude>
    <ClInclude Include="src\others\ini.h">
      <Filter>_others</Filter>
    </ClInclude>
    <ClInclude Include="src\others\INIReader.h">
      <Filter>_others</Filter>
    </ClInclude>
    <ClInclude Include="src\others\libconvert.h">
      <Filter>_others</Filter>
    </ClInclude>
    <ClInclude Include="src\Random.h">
      <Filter>Headers</Filter>
    </ClInclude>
    <ClInclude Include="src\BattleScene.h">
      <Filter>Headers</Filter>
    </ClInclude>
    <ClInclude Include="src\MainScene.h">
      <Filter>Headers</Filter>
    </ClInclude>
    <ClInclude Include="src\SubScene.h">
      <Filter>Headers</Filter>
    </ClInclude>
    <ClInclude Include="src\BattleMap.h">
      <Filter>Headers</Filter>
    </ClInclude>
    <ClInclude Include="src\TeamMenu.h">
      <Filter>Headers</Filter>
    </ClInclude>
    <ClInclude Include="src\Util.h">
      <Filter>Headers</Filter>
    </ClInclude>
    <ClInclude Include="src\Element.h">
      <Filter>Headers</Filter>
    </ClInclude>
    <ClInclude Include="src\GameUtil.h">
      <Filter>Headers</Filter>
    </ClInclude>
    <ClInclude Include="src\BattleCursor.h">
      <Filter>Headers</Filter>
    </ClInclude>
    <ClInclude Include="src\TextBox.h">
      <Filter>Headers</Filter>
    </ClInclude>
    <ClInclude Include="src\ShowDifference.h">
      <Filter>Headers</Filter>
    </ClInclude>
  </ItemGroup>
  <ItemGroup>
    <Library Include="lib\bass.lib">
      <Filter>_lib</Filter>
    </Library>
    <Library Include="lib\bassmidi.lib">
      <Filter>_lib</Filter>
    </Library>
    <Library Include="lib\SDL2.lib">
      <Filter>_lib</Filter>
    </Library>
    <Library Include="lib\SDL2_image.lib">
      <Filter>_lib</Filter>
    </Library>
    <Library Include="lib\SDL2_ttf.lib">
      <Filter>_lib</Filter>
    </Library>
    <Library Include="lib\libiconv.lib">
      <Filter>_lib</Filter>
    </Library>
    <Library Include="lib\SDL2main.lib">
      <Filter>_lib</Filter>
    </Library>
  </ItemGroup>
  <ItemGroup>
    <Text Include="readme.md" />
  </ItemGroup>
  <ItemGroup>
    <Filter Include="Headers">
      <UniqueIdentifier>{b73723e8-c4d0-44c3-98c8-bbbe7cf111ca}</UniqueIdentifier>
      <Extensions>h</Extensions>
    </Filter>
    <Filter Include="Sources">
      <UniqueIdentifier>{793a596f-160e-4c8e-8736-a848783c7a88}</UniqueIdentifier>
      <Extensions>cpp</Extensions>
    </Filter>
    <Filter Include="_others">
      <UniqueIdentifier>{52c8cf7c-440e-4bd0-ad8e-5f6f1a23576a}</UniqueIdentifier>
    </Filter>
    <Filter Include="_lib">
      <UniqueIdentifier>{e388266b-b26d-4098-bfdd-4e145ce51f17}</UniqueIdentifier>
    </Filter>
  </ItemGroup>
  <ItemGroup>
    <ResourceCompile Include="kys.rc" />
  </ItemGroup>
</Project>