<?xml version="1.0" encoding="utf-8"?>
<Project ToolsVersion="4.0" xmlns="http://schemas.microsoft.com/developer/msbuild/2003">
  <ItemGroup>
    <ClCompile Include="src\Audio.cpp">
      <Filter>sources</Filter>
    </ClCompile>
    <ClCompile Include="src\Button.cpp">
      <Filter>sources</Filter>
    </ClCompile>
    <ClCompile Include="src\Engine.cpp">
      <Filter>sources</Filter>
    </ClCompile>
    <ClCompile Include="src\File.cpp">
      <Filter>sources</Filter>
    </ClCompile>
    <ClCompile Include="src\Menu.cpp">
      <Filter>sources</Filter>
    </ClCompile>
    <ClCompile Include="src\Point.cpp">
      <Filter>sources</Filter>
    </ClCompile>
    <ClCompile Include="src\Save.cpp">
      <Filter>sources</Filter>
    </ClCompile>
    <ClCompile Include="src\Scene.cpp">
      <Filter>sources</Filter>
    </ClCompile>
    <ClCompile Include="src\Application.cpp">
      <Filter>sources</Filter>
    </ClCompile>
    <ClCompile Include="src\TitleScene.cpp">
      <Filter>sources</Filter>
    </ClCompile>
    <ClCompile Include="src\TextureManager.cpp">
      <Filter>sources</Filter>
    </ClCompile>
    <ClCompile Include="src\PotConv.cpp">
      <Filter>sources</Filter>
    </ClCompile>
    <ClCompile Include="src\Types.cpp">
      <Filter>sources</Filter>
    </ClCompile>
    <ClCompile Include="src\Head.cpp">
      <Filter>sources</Filter>
    </ClCompile>
    <ClCompile Include="src\UI.cpp">
      <Filter>sources</Filter>
    </ClCompile>
    <ClCompile Include="src\UIStatus.cpp">
      <Filter>sources</Filter>
    </ClCompile>
    <ClCompile Include="src\UISystem.cpp">
      <Filter>sources</Filter>
    </ClCompile>
    <ClCompile Include="src\UIItem.cpp">
      <Filter>sources</Filter>
    </ClCompile>
    <ClCompile Include="src\Font.cpp">
      <Filter>sources</Filter>
    </ClCompile>
    <ClCompile Include="src\Event.cpp">
      <Filter>sources</Filter>
    </ClCompile>
    <ClCompile Include="src\kys.cpp">
      <Filter>sources</Filter>
    </ClCompile>
    <ClCompile Include="src\Talk.cpp">
      <Filter>sources</Filter>
    </ClCompile>
    <ClCompile Include="src\Cloud.cpp">
      <Filter>sources</Filter>
    </ClCompile>
    <ClCompile Include="src\BattleMenu.cpp">
      <Filter>sources</Filter>
    </ClCompile>
    <ClCompile Include="src\others\libconvert.cpp">
      <Filter>_others</Filter>
    </ClCompile>
    <ClCompile Include="src\BattleScene.cpp">
      <Filter>sources</Filter>
    </ClCompile>
    <ClCompile Include="src\MainScene.cpp">
      <Filter>sources</Filter>
    </ClCompile>
    <ClCompile Include="src\SubScene.cpp">
      <Filter>sources</Filter>
    </ClCompile>
    <ClCompile Include="src\BattleMap.cpp">
      <Filter>sources</Filter>
    </ClCompile>
    <ClCompile Include="src\TeamMenu.cpp">
      <Filter>sources</Filter>
    </ClCompile>
    <ClCompile Include="src\Util.cpp">
      <Filter>sources</Filter>
    </ClCompile>
    <ClCompile Include="src\Element.cpp">
      <Filter>sources</Filter>
    </ClCompile>
    <ClCompile Include="src\GameUtil.cpp">
      <Filter>sources</Filter>
    </ClCompile>
    <ClCompile Include="src\BattleCursor.cpp">
      <Filter>sources</Filter>
    </ClCompile>
    <ClCompile Include="src\TextBox.cpp">
      <Filter>sources</Filter>
    </ClCompile>
    <ClCompile Include="src\ShowRoleDifference.cpp">
      <Filter>sources</Filter>
    </ClCompile>
    <ClCompile Include="src\ShowExp.cpp">
      <Filter>sources</Filter>
    </ClCompile>
    <ClCompile Include="src\UIShop.cpp">
      <Filter>sources</Filter>
    </ClCompile>
    <ClCompile Include="src\Script.cpp">
      <Filter>sources</Filter>
    </ClCompile>
    <ClCompile Include="src\UISave.cpp">
      <Filter>sources</Filter>
    </ClCompile>
    <ClCompile Include="src\RandomRole.cpp">
      <Filter>sources</Filter>
    </ClCompile>
    <ClCompile Include="src\Zip.cpp">
      <Filter>sources</Filter>
    </ClCompile>
  </ItemGroup>
  <ItemGroup>
    <ClInclude Include="src\Audio.h">
      <Filter>headers</Filter>
    </ClInclude>
    <ClInclude Include="src\Button.h">
      <Filter>headers</Filter>
    </ClInclude>
    <ClInclude Include="src\Engine.h">
      <Filter>headers</Filter>
    </ClInclude>
    <ClInclude Include="src\Event.h">
      <Filter>headers</Filter>
    </ClInclude>
    <ClInclude Include="src\File.h">
      <Filter>headers</Filter>
    </ClInclude>
    <ClInclude Include="src\Menu.h">
      <Filter>headers</Filter>
    </ClInclude>
    <ClInclude Include="src\Point.h">
      <Filter>headers</Filter>
    </ClInclude>
    <ClInclude Include="src\Save.h">
      <Filter>headers</Filter>
    </ClInclude>
    <ClInclude Include="src\Scene.h">
      <Filter>headers</Filter>
    </ClInclude>
    <ClInclude Include="src\Application.h">
      <Filter>headers</Filter>
    </ClInclude>
    <ClInclude Include="src\TitleScene.h">
      <Filter>headers</Filter>
    </ClInclude>
    <ClInclude Include="src\TextureManager.h">
      <Filter>headers</Filter>
    </ClInclude>
    <ClInclude Include="src\PotConv.h">
      <Filter>headers</Filter>
    </ClInclude>
    <ClInclude Include="src\Types.h">
      <Filter>headers</Filter>
    </ClInclude>
    <ClInclude Include="src\Head.h">
      <Filter>headers</Filter>
    </ClInclude>
    <ClInclude Include="src\UI.h">
      <Filter>headers</Filter>
    </ClInclude>
    <ClInclude Include="src\UIStatus.h">
      <Filter>headers</Filter>
    </ClInclude>
    <ClInclude Include="src\UISystem.h">
      <Filter>headers</Filter>
    </ClInclude>
    <ClInclude Include="src\UIItem.h">
      <Filter>headers</Filter>
    </ClInclude>
    <ClInclude Include="src\Font.h">
      <Filter>headers</Filter>
    </ClInclude>
    <ClInclude Include="src\EventMacro.h">
      <Filter>headers</Filter>
    </ClInclude>
    <ClInclude Include="src\Talk.h">
      <Filter>headers</Filter>
    </ClInclude>
    <ClInclude Include="src\Cloud.h">
      <Filter>headers</Filter>
    </ClInclude>
    <ClInclude Include="src\BattleMenu.h">
      <Filter>headers</Filter>
    </ClInclude>
    <ClInclude Include="src\others\libconvert.h">
      <Filter>_others</Filter>
    </ClInclude>
    <ClInclude Include="src\Random.h">
      <Filter>headers</Filter>
    </ClInclude>
    <ClInclude Include="src\BattleScene.h">
      <Filter>headers</Filter>
    </ClInclude>
    <ClInclude Include="src\MainScene.h">
      <Filter>headers</Filter>
    </ClInclude>
    <ClInclude Include="src\SubScene.h">
      <Filter>headers</Filter>
    </ClInclude>
    <ClInclude Include="src\BattleMap.h">
      <Filter>headers</Filter>
    </ClInclude>
    <ClInclude Include="src\TeamMenu.h">
      <Filter>headers</Filter>
    </ClInclude>
    <ClInclude Include="src\Util.h">
      <Filter>headers</Filter>
    </ClInclude>
    <ClInclude Include="src\Element.h">
      <Filter>headers</Filter>
    </ClInclude>
    <ClInclude Include="src\GameUtil.h">
      <Filter>headers</Filter>
    </ClInclude>
    <ClInclude Include="src\BattleCursor.h">
      <Filter>headers</Filter>
    </ClInclude>
    <ClInclude Include="src\TextBox.h">
      <Filter>headers</Filter>
    </ClInclude>
    <ClInclude Include="src\ShowRoleDifference.h">
      <Filter>headers</Filter>
    </ClInclude>
    <ClInclude Include="src\ShowExp.h">
      <Filter>headers</Filter>
    </ClInclude>
    <ClInclude Include="src\UIShop.h">
      <Filter>headers</Filter>
    </ClInclude>
    <ClInclude Include="src\Script.h">
      <Filter>headers</Filter>
    </ClInclude>
    <ClInclude Include="src\UISave.h">
      <Filter>headers</Filter>
    </ClInclude>
    <ClInclude Include="src\RandomRole.h">
      <Filter>headers</Filter>
    </ClInclude>
    <ClInclude Include="src\Zip.h">
      <Filter>headers</Filter>
    </ClInclude>
    <ClInclude Include="src\others\INIReader.h">
      <Filter>_others</Filter>
    </ClInclude>
    <ClInclude Include="resource\resource.h">
      <Filter>_Resources</Filter>
    </ClInclude>
  </ItemGroup>
  <ItemGroup>
    <Filter Include="_others">
      <UniqueIdentifier>{52c8cf7c-440e-4bd0-ad8e-5f6f1a23576a}</UniqueIdentifier>
    </Filter>
    <Filter Include="_Resources">
      <UniqueIdentifier>{7ab4a26b-b9ce-4c3e-84a0-221cbbc561bf}</UniqueIdentifier>
    </Filter>
    <Filter Include="headers">
      <UniqueIdentifier>{b73723e8-c4d0-44c3-98c8-bbbe7cf111ca}</UniqueIdentifier>
      <Extensions>h;hh;hpp;hxx;hm;inl;inc;xsd</Extensions>
    </Filter>
    <Filter Include="sources">
      <UniqueIdentifier>{793a596f-160e-4c8e-8736-a848783c7a88}</UniqueIdentifier>
      <Extensions>cpp;c;cc;cxx;def;odl;idl;hpj;bat;asm;asmx</Extensions>
    </Filter>
  </ItemGroup>
  <ItemGroup>
    <Image Include="resource\kys.ico">
      <Filter>_Resources</Filter>
    </Image>
  </ItemGroup>
  <ItemGroup>
    <ResourceCompile Include="resource\kys.rc">
      <Filter>_Resources</Filter>
    </ResourceCompile>
  </ItemGroup>
</Project>