Microsoft Visual Studio Solution File, Format Version 12.00
# Visual Studio 15
VisualStudioVersion = 15.0.26730.12
MinimumVisualStudioVersion = 10.0.40219.1
Project("{8BC9CEB8-8B4A-11D0-8D11-00A0C91BC942}") = "kys", "kys.vcxproj", "{0B2302D7-3C55-442F-8F3E-764B54328B45}"
EndProject
Project("{8BC9CEB8-8B4A-11D0-8D11-00A0C91BC942}") = "abc", "abc.vcxproj", "{01D029DB-C543-4A8A-B3ED-2AA443DA44D7}"
EndProject
Global
	GlobalSection(SolutionConfigurationPlatforms) = preSolution
		Debug|x86 = Debug|x86
		Release|x86 = Release|x86
	EndGlobalSection
	GlobalSection(ProjectConfigurationPlatforms) = postSolution
		{0B2302D7-3C55-442F-8F3E-764B54328B45}.Debug|x86.ActiveCfg = Debug|Win32
		{0B2302D7-3C55-442F-8F3E-764B54328B45}.Debug|x86.Build.0 = Debug|Win32
		{0B2302D7-3C55-442F-8F3E-764B54328B45}.Release|x86.ActiveCfg = Release|Win32
		{0B2302D7-3C55-442F-8F3E-764B54328B45}.Release|x86.Build.0 = Release|Win32
		{01D029DB-C543-4A8A-B3ED-2AA443DA44D7}.Debug|x86.ActiveCfg = Debug|Win32
		{01D029DB-C543-4A8A-B3ED-2AA443DA44D7}.Debug|x86.Build.0 = Debug|Win32
		{01D029DB-C543-4A8A-B3ED-2AA443DA44D7}.Debug|x86.Deploy.0 = Debug|Win32
		{01D029DB-C543-4A8A-B3ED-2AA443DA44D7}.Release|x86.ActiveCfg = Release|Win32
		{01D029DB-C543-4A8A-B3ED-2AA443DA44D7}.Release|x86.Build.0 = Release|Win32
		{01D029DB-C543-4A8A-B3ED-2AA443DA44D7}.Release|x86.Deploy.0 = Release|Win32
	EndGlobalSection
	GlobalSection(SolutionProperties) = preSolution
		HideSolutionNode = FALSE
	EndGlobalSection
	GlobalSection(ExtensibilityGlobals) = postSolution
		SolutionGuid = {DBCD3418-BDC5-4F89-88B1-D82FFD504011}
	EndGlobalSection
EndGlobal
